dependencies:
- name: kagenti-operator-chart
  repository: oci://ghcr.io/kagenti/kagenti-operator
  version: 0.2.0-alpha.19
- name: kagenti-webhook-chart
  repository: oci://ghcr.io/kagenti/kagenti-extensions
  version: 0.4.0-alpha.1
digest: sha256:b21bcf62137939a32eb2aeb3cae86d5410f051c4644c26b4f911c622b112b7c1
generated: "2026-02-04T18:43:47.04236-05:00"
